
Microsoft Visual Studio Solution File, Format Version 12.00
# Visual Studio Version 16
VisualStudioVersion = 25.0.1706.7
MinimumVisualStudioVersion = 10.0.40219.1
Project("{FAE04EC0-301F-11D3-BF4B-00C04F79EFBC}") = "project1", "project1\project1.csproj", "{B04875EE-B98C-40FD-8310-CBF0580C7AA7}"
EndProject
Global
	GlobalSection(SolutionConfigurationPlatforms) = preSolution
		Debug|Any CPU = Debug|Any CPU
		Release|Any CPU = Release|Any CPU
	EndGlobalSection
	GlobalSection(ProjectConfigurationPlatforms) = postSolution
		{B04875EE-B98C-40FD-8310-CBF0580C7AA7}.Debug|Any CPU.ActiveCfg = Debug|Any CPU
		{B04875EE-B98C-40FD-8310-CBF0580C7AA7}.Debug|Any CPU.Build.0 = Debug|Any CPU
		{B04875EE-B98C-40FD-8310-CBF0580C7AA7}.Release|Any CPU.ActiveCfg = Release|Any CPU
		{B04875EE-B98C-40FD-8310-CBF0580C7AA7}.Release|Any CPU.Build.0 = Release|Any CPU
	EndGlobalSection
	GlobalSection(SolutionProperties) = preSolution
		HideSolutionNode = FALSE
	EndGlobalSection
	GlobalSection(ExtensibilityGlobals) = postSolution
		SolutionGuid = {D40222B3-D5D1-4985-ABCC-236AF92D3859}
	EndGlobalSection
EndGlobal
